<Solution>
  <Folder Name="/_Solution Files_/">
    <File Path="../.editorconfig" />
    <File Path="../Directory.Build.props" />
    <File Path="../global.json" />
    <File Path="../nuget.config" />
    <File Path="../stylecop.json" />
    <File Path=".editorconfig" />
  </Folder>
  <Project Path="libcsv.Test/libcsv.Test.csproj" Id="f303359f-1184-4cdc-bd93-f2d66e792315" />
  <Project Path="libcsv/libcsv.csproj" Id="cfddde8d-5760-43cc-91dd-8f42ab300c9a" />
</Solution>
